{
  "name": "rki-covid-api",
  "version": "1.0.0",
  "lockfileVersion": 1,
  "requires": true,
  "dependencies": {
    "@now/node": {
      "version": "1.4.1",
      "resolved": "https://registry.npmjs.org/@now/node/-/node-1.4.1.tgz",
      "integrity": "sha512-EjP/pdBMKsEMCGQ1OLLmBGnjA3QZG1erYTrMqmDVqypeQsY1UUFTY4h1C4d6WNq33qk/nMxpcJzuAhxt+nLQyg==",
      "dev": true,
      "requires": {
        "@types/node": "*"
      }
    },
    "@types/node": {
      "version": "13.9.2",
      "resolved": "https://registry.npmjs.org/@types/node/-/node-13.9.2.tgz",
      "integrity": "sha512-bnoqK579sAYrQbp73wwglccjJ4sfRdKU7WNEZ5FW4K2U6Kc0/eZ5kvXG0JKsEKFB50zrFmfFt52/cvBbZa7eXg==",
      "dev": true
    }
  }
}
